
Microsoft Visual Studio Solution File, Format Version 12.00
# Visual Studio 14
VisualStudioVersion = 14.0.25420.1
MinimumVisualStudioVersion = 10.0.40219.1
Project("{FAE04EC0-301F-11D3-BF4B-00C04F79EFBC}") = "TDDWithxUnitAndMOQ", "TDDWithxUnitAndMOQ\TDDWithxUnitAndMOQ.csproj", "{D557E818-297A-4B09-937F-FD512C145ED4}"
EndProject
Project("{FAE04EC0-301F-11D3-BF4B-00C04F79EFBC}") = "TDDWithxUnitAndMOQ.Tests", "TDDWithxUnitAndMOQ.Tests\TDDWithxUnitAndMOQ.Tests.csproj", "{B7312B24-4443-44BE-B991-FD2B38C4A51C}"
EndProject
Global
	GlobalSection(SolutionConfigurationPlatforms) = preSolution
		Debug|Any CPU = Debug|Any CPU
		Release|Any CPU = Release|Any CPU
	EndGlobalSection
	GlobalSection(ProjectConfigurationPlatforms) = postSolution
		{D557E818-297A-4B09-937F-FD512C145ED4}.Debug|Any CPU.ActiveCfg = Debug|Any CPU
		{D557E818-297A-4B09-937F-FD512C145ED4}.Debug|Any CPU.Build.0 = Debug|Any CPU
		{D557E818-297A-4B09-937F-FD512C145ED4}.Release|Any CPU.ActiveCfg = Release|Any CPU
		{D557E818-297A-4B09-937F-FD512C145ED4}.Release|Any CPU.Build.0 = Release|Any CPU
		{B7312B24-4443-44BE-B991-FD2B38C4A51C}.Debug|Any CPU.ActiveCfg = Debug|Any CPU
		{B7312B24-4443-44BE-B991-FD2B38C4A51C}.Debug|Any CPU.Build.0 = Debug|Any CPU
		{B7312B24-4443-44BE-B991-FD2B38C4A51C}.Release|Any CPU.ActiveCfg = Release|Any CPU
		{B7312B24-4443-44BE-B991-FD2B38C4A51C}.Release|Any CPU.Build.0 = Release|Any CPU
	EndGlobalSection
	GlobalSection(SolutionProperties) = preSolution
		HideSolutionNode = FALSE
	EndGlobalSection
EndGlobal
